# THIS IS AN AUTOGENERATED FILE. DO NOT EDIT THIS FILE DIRECTLY.
# yarn lockfile v1


vue-axios@^3.2.4:
  version "3.2.4"
  resolved "https://registry.yarnpkg.com/vue-axios/-/vue-axios-3.2.4.tgz#2334158db8ac2a0f603aa431c2626fbf6d766724"
  integrity sha512-8Dgws6dwt+1LoKEU4HDzIPfaRgWHl0xLDLW6kxrAk/z3GAJ2thkajcXC4qZgmqj0cZRx/Z/dzooKi5HWtUQwxA==
